
Microsoft Visual Studio Solution File, Format Version 12.00
# Visual Studio Version 17
VisualStudioVersion = 17.0.31919.166
MinimumVisualStudioVersion = 10.0.40219.1
Project("{2150E333-8FDC-42A3-9474-1A3956D46DE8}") = "Dominio", "Dominio", "{8B9D0B12-2E45-4010-AA8B-60D0950788C2}"
EndProject
Project("{2150E333-8FDC-42A3-9474-1A3956D46DE8}") = "Aplicacao", "Aplicacao", "{D1ECEDB0-6873-428A-86AE-82C97D39F668}"
EndProject
Project("{2150E333-8FDC-42A3-9474-1A3956D46DE8}") = "Infra", "Infra", "{927984DF-3785-4AF3-84CF-A42ABD828B97}"
EndProject
Project("{2150E333-8FDC-42A3-9474-1A3956D46DE8}") = "Infra.Data", "Infra.Data", "{677591E1-76E4-481F-B3E5-6071EB4AC7F0}"
EndProject
Project("{2150E333-8FDC-42A3-9474-1A3956D46DE8}") = "Infra.CrossCutting", "Infra.CrossCutting", "{C4F2D804-05C2-49B1-B21B-7EC59F8FF18F}"
EndProject
Project("{2150E333-8FDC-42A3-9474-1A3956D46DE8}") = "WebAPI", "WebAPI", "{ECD9B297-653D-41C0-84CF-B59A71FFEFBF}"
EndProject
Project("{9A19103F-16F7-4668-BE54-9A1E7A4F7556}") = "DevBr.Escola.Dominio", "src\DevBr.Escola.Dominio\DevBr.Escola.Dominio.csproj", "{73AF0B03-DC84-467B-B7D4-A85E44113C25}"
EndProject
Project("{9A19103F-16F7-4668-BE54-9A1E7A4F7556}") = "DevBr.Escola.Aplicacao", "src\DevBr.Escola.Aplicacao\DevBr.Escola.Aplicacao.csproj", "{7610EB1E-354A-441B-B600-5B9028C77476}"
EndProject
Project("{2150E333-8FDC-42A3-9474-1A3956D46DE8}") = "Core", "Core", "{A5D231B1-EBBF-4D16-8E25-BC6FF78B258A}"
EndProject
Project("{9A19103F-16F7-4668-BE54-9A1E7A4F7556}") = "DevBr.Escola.Infra.CrossCutting.IoC", "src\DevBr.Escola.Infra.CrossCutting.IoC\DevBr.Escola.Infra.CrossCutting.IoC.csproj", "{97279B3C-DE8E-4F2B-9DA6-B844A0C0759F}"
EndProject
Project("{9A19103F-16F7-4668-BE54-9A1E7A4F7556}") = "DevBr.Escola.Infra.Data", "src\DevBr.Escola.Infra.Data\DevBr.Escola.Infra.Data.csproj", "{DF0A56EB-6E67-4F7B-BABE-20B04851FB2E}"
EndProject
Project("{9A19103F-16F7-4668-BE54-9A1E7A4F7556}") = "DevBr.Core", "src\DevBr.Core\DevBr.Core.csproj", "{3AF05DCB-F2C2-4FFA-834A-01ED5E9C48F3}"
EndProject
Project("{9A19103F-16F7-4668-BE54-9A1E7A4F7556}") = "DevBr.Escola.Infra.CrossCutting.AutoMapper", "src\DevBr.Escola.Infra.CrossCutting.AutoMapper\DevBr.Escola.Infra.CrossCutting.AutoMapper.csproj", "{EC690182-B944-4AB9-8D86-F9261BE75237}"
EndProject
Project("{2150E333-8FDC-42A3-9474-1A3956D46DE8}") = "Solution Items", "Solution Items", "{AF9843AF-C89E-4751-BA21-19DFBDC626CD}"
	ProjectSection(SolutionItems) = preProject
		.editorconfig = .editorconfig
		.gitignore = .gitignore
	EndProjectSection
EndProject
Project("{9A19103F-16F7-4668-BE54-9A1E7A4F7556}") = "DevBr.Escola.WebAPI", "src\DevBr.Escola.WebAPI\DevBr.Escola.WebAPI.csproj", "{8982B405-9299-420E-B0E9-50A9CE8FA4EC}"
EndProject
Project("{9A19103F-16F7-4668-BE54-9A1E7A4F7556}") = "DevBr.Core.API", "src\DevBr.Core.API\DevBr.Core.API.csproj", "{FE5CD5A3-E48D-45D1-B574-7EC712B93665}"
EndProject
Project("{9A19103F-16F7-4668-BE54-9A1E7A4F7556}") = "DevBr.Identidade.API", "src\DevBr.Identidade.API\DevBr.Identidade.API.csproj", "{AA37C238-523B-47A4-810B-6642304F6473}"
EndProject
Project("{9A19103F-16F7-4668-BE54-9A1E7A4F7556}") = "DevBr.Core.MessageBus", "src\DevBr.Core.MessageBus\DevBr.Core.MessageBus.csproj", "{B1CD5664-F20F-4CE9-B98B-09E2DFAA3AF5}"
EndProject
Project("{9A19103F-16F7-4668-BE54-9A1E7A4F7556}") = "DevBr.Core.Mongo", "src\DevBr.Core.Mongo\DevBr.Core.Mongo.csproj", "{A1134CA2-6A31-4346-8945-7391CAA11560}"
EndProject
Project("{9A19103F-16F7-4668-BE54-9A1E7A4F7556}") = "DevBr.Core.Http", "src\DevBr.Core.Http\DevBr.Core.Http.csproj", "{F5D0B8EB-2752-41C4-ABF7-B683CD1D6974}"
EndProject
Project("{9A19103F-16F7-4668-BE54-9A1E7A4F7556}") = "DevBr.Hangfire.API", "src\DevBr.Hangfire.API\DevBr.Hangfire.API.csproj", "{0CD9E243-D6A9-4610-8556-195D4B64ED5A}"
EndProject
Project("{9A19103F-16F7-4668-BE54-9A1E7A4F7556}") = "DevBr.Core.Tools", "src\DevBr.Core.Tools\DevBr.Core.Tools.csproj", "{58234485-0D4E-40ED-AD97-C713EB5505AB}"
EndProject
Project("{2150E333-8FDC-42A3-9474-1A3956D46DE8}") = "Tests", "Tests", "{3B650E47-2C2A-40D0-BF53-333E1D857541}"
EndProject
Project("{9A19103F-16F7-4668-BE54-9A1E7A4F7556}") = "DevBr.Core.Tests", "Tests\DevBr.Core.Tests\DevBr.Core.Tests.csproj", "{94432500-33B6-4797-842F-079797E2E737}"
EndProject
Project("{9A19103F-16F7-4668-BE54-9A1E7A4F7556}") = "DevBr.Core.Storage", "src\DevBr.Core.Storage\DevBr.Core.Storage.csproj", "{8E544414-CA24-48AE-92CF-ACBD125BBD16}"
EndProject
Project("{9A19103F-16F7-4668-BE54-9A1E7A4F7556}") = "DevBr.Core.eSocial", "src\DevBr.Core.eSocial\DevBr.Core.eSocial.csproj", "{A1E68BDD-B408-4B50-8091-97CB81753E21}"
EndProject
Project("{9A19103F-16F7-4668-BE54-9A1E7A4F7556}") = "DevBr.eSocial.Tests", "Tests\DevBr.eSocial.Tests\DevBr.eSocial.Tests.csproj", "{2EA2BAAD-531A-4157-BEF2-1D61FD420DC7}"
EndProject
Project("{9A19103F-16F7-4668-BE54-9A1E7A4F7556}") = "DevBr.Core.Arquivos", "src\DevBr.Core.Arquivos\DevBr.Core.Arquivos.csproj", "{C203D95B-0BF1-4CD7-BA6E-898AC5609BEF}"
EndProject
Project("{9A19103F-16F7-4668-BE54-9A1E7A4F7556}") = "DevBr.Core.SqlServer", "src\DevBr.Core.SqlServer\DevBr.Core.SqlServer.csproj", "{93126E0A-C556-4288-8B5B-4C4383961E63}"
EndProject
Project("{FAE04EC0-301F-11D3-BF4B-00C04F79EFBC}") = "DevBr.Core.Cache", "src\DevBr.Core.Cache\DevBr.Core.Cache.csproj", "{8ACCFF85-2AF0-42AE-B1A9-10B0F24151E8}"
EndProject
Global
	GlobalSection(SolutionConfigurationPlatforms) = preSolution
		Debug|Any CPU = Debug|Any CPU
		Release|Any CPU = Release|Any CPU
	EndGlobalSection
	GlobalSection(ProjectConfigurationPlatforms) = postSolution
		{73AF0B03-DC84-467B-B7D4-A85E44113C25}.Debug|Any CPU.ActiveCfg = Debug|Any CPU
		{73AF0B03-DC84-467B-B7D4-A85E44113C25}.Debug|Any CPU.Build.0 = Debug|Any CPU
		{73AF0B03-DC84-467B-B7D4-A85E44113C25}.Release|Any CPU.ActiveCfg = Release|Any CPU
		{73AF0B03-DC84-467B-B7D4-A85E44113C25}.Release|Any CPU.Build.0 = Release|Any CPU
		{7610EB1E-354A-441B-B600-5B9028C77476}.Debug|Any CPU.ActiveCfg = Debug|Any CPU
		{7610EB1E-354A-441B-B600-5B9028C77476}.Debug|Any CPU.Build.0 = Debug|Any CPU
		{7610EB1E-354A-441B-B600-5B9028C77476}.Release|Any CPU.ActiveCfg = Release|Any CPU
		{7610EB1E-354A-441B-B600-5B9028C77476}.Release|Any CPU.Build.0 = Release|Any CPU
		{97279B3C-DE8E-4F2B-9DA6-B844A0C0759F}.Debug|Any CPU.ActiveCfg = Debug|Any CPU
		{97279B3C-DE8E-4F2B-9DA6-B844A0C0759F}.Debug|Any CPU.Build.0 = Debug|Any CPU
		{97279B3C-DE8E-4F2B-9DA6-B844A0C0759F}.Release|Any CPU.ActiveCfg = Release|Any CPU
		{97279B3C-DE8E-4F2B-9DA6-B844A0C0759F}.Release|Any CPU.Build.0 = Release|Any CPU
		{DF0A56EB-6E67-4F7B-BABE-20B04851FB2E}.Debug|Any CPU.ActiveCfg = Debug|Any CPU
		{DF0A56EB-6E67-4F7B-BABE-20B04851FB2E}.Debug|Any CPU.Build.0 = Debug|Any CPU
		{DF0A56EB-6E67-4F7B-BABE-20B04851FB2E}.Release|Any CPU.ActiveCfg = Release|Any CPU
		{DF0A56EB-6E67-4F7B-BABE-20B04851FB2E}.Release|Any CPU.Build.0 = Release|Any CPU
		{3AF05DCB-F2C2-4FFA-834A-01ED5E9C48F3}.Debug|Any CPU.ActiveCfg = Debug|Any CPU
		{3AF05DCB-F2C2-4FFA-834A-01ED5E9C48F3}.Debug|Any CPU.Build.0 = Debug|Any CPU
		{3AF05DCB-F2C2-4FFA-834A-01ED5E9C48F3}.Release|Any CPU.ActiveCfg = Release|Any CPU
		{3AF05DCB-F2C2-4FFA-834A-01ED5E9C48F3}.Release|Any CPU.Build.0 = Release|Any CPU
		{EC690182-B944-4AB9-8D86-F9261BE75237}.Debug|Any CPU.ActiveCfg = Debug|Any CPU
		{EC690182-B944-4AB9-8D86-F9261BE75237}.Debug|Any CPU.Build.0 = Debug|Any CPU
		{EC690182-B944-4AB9-8D86-F9261BE75237}.Release|Any CPU.ActiveCfg = Release|Any CPU
		{EC690182-B944-4AB9-8D86-F9261BE75237}.Release|Any CPU.Build.0 = Release|Any CPU
		{8982B405-9299-420E-B0E9-50A9CE8FA4EC}.Debug|Any CPU.ActiveCfg = Debug|Any CPU
		{8982B405-9299-420E-B0E9-50A9CE8FA4EC}.Debug|Any CPU.Build.0 = Debug|Any CPU
		{8982B405-9299-420E-B0E9-50A9CE8FA4EC}.Release|Any CPU.ActiveCfg = Release|Any CPU
		{8982B405-9299-420E-B0E9-50A9CE8FA4EC}.Release|Any CPU.Build.0 = Release|Any CPU
		{FE5CD5A3-E48D-45D1-B574-7EC712B93665}.Debug|Any CPU.ActiveCfg = Debug|Any CPU
		{FE5CD5A3-E48D-45D1-B574-7EC712B93665}.Debug|Any CPU.Build.0 = Debug|Any CPU
		{FE5CD5A3-E48D-45D1-B574-7EC712B93665}.Release|Any CPU.ActiveCfg = Release|Any CPU
		{FE5CD5A3-E48D-45D1-B574-7EC712B93665}.Release|Any CPU.Build.0 = Release|Any CPU
		{AA37C238-523B-47A4-810B-6642304F6473}.Debug|Any CPU.ActiveCfg = Debug|Any CPU
		{AA37C238-523B-47A4-810B-6642304F6473}.Debug|Any CPU.Build.0 = Debug|Any CPU
		{AA37C238-523B-47A4-810B-6642304F6473}.Release|Any CPU.ActiveCfg = Release|Any CPU
		{AA37C238-523B-47A4-810B-6642304F6473}.Release|Any CPU.Build.0 = Release|Any CPU
		{B1CD5664-F20F-4CE9-B98B-09E2DFAA3AF5}.Debug|Any CPU.ActiveCfg = Debug|Any CPU
		{B1CD5664-F20F-4CE9-B98B-09E2DFAA3AF5}.Debug|Any CPU.Build.0 = Debug|Any CPU
		{B1CD5664-F20F-4CE9-B98B-09E2DFAA3AF5}.Release|Any CPU.ActiveCfg = Release|Any CPU
		{B1CD5664-F20F-4CE9-B98B-09E2DFAA3AF5}.Release|Any CPU.Build.0 = Release|Any CPU
		{A1134CA2-6A31-4346-8945-7391CAA11560}.Debug|Any CPU.ActiveCfg = Debug|Any CPU
		{A1134CA2-6A31-4346-8945-7391CAA11560}.Debug|Any CPU.Build.0 = Debug|Any CPU
		{A1134CA2-6A31-4346-8945-7391CAA11560}.Release|Any CPU.ActiveCfg = Release|Any CPU
		{A1134CA2-6A31-4346-8945-7391CAA11560}.Release|Any CPU.Build.0 = Release|Any CPU
		{F5D0B8EB-2752-41C4-ABF7-B683CD1D6974}.Debug|Any CPU.ActiveCfg = Debug|Any CPU
		{F5D0B8EB-2752-41C4-ABF7-B683CD1D6974}.Debug|Any CPU.Build.0 = Debug|Any CPU
		{F5D0B8EB-2752-41C4-ABF7-B683CD1D6974}.Release|Any CPU.ActiveCfg = Release|Any CPU
		{F5D0B8EB-2752-41C4-ABF7-B683CD1D6974}.Release|Any CPU.Build.0 = Release|Any CPU
		{0CD9E243-D6A9-4610-8556-195D4B64ED5A}.Debug|Any CPU.ActiveCfg = Debug|Any CPU
		{0CD9E243-D6A9-4610-8556-195D4B64ED5A}.Debug|Any CPU.Build.0 = Debug|Any CPU
		{0CD9E243-D6A9-4610-8556-195D4B64ED5A}.Release|Any CPU.ActiveCfg = Release|Any CPU
		{0CD9E243-D6A9-4610-8556-195D4B64ED5A}.Release|Any CPU.Build.0 = Release|Any CPU
		{58234485-0D4E-40ED-AD97-C713EB5505AB}.Debug|Any CPU.ActiveCfg = Debug|Any CPU
		{58234485-0D4E-40ED-AD97-C713EB5505AB}.Debug|Any CPU.Build.0 = Debug|Any CPU
		{58234485-0D4E-40ED-AD97-C713EB5505AB}.Release|Any CPU.ActiveCfg = Release|Any CPU
		{58234485-0D4E-40ED-AD97-C713EB5505AB}.Release|Any CPU.Build.0 = Release|Any CPU
		{94432500-33B6-4797-842F-079797E2E737}.Debug|Any CPU.ActiveCfg = Debug|Any CPU
		{94432500-33B6-4797-842F-079797E2E737}.Debug|Any CPU.Build.0 = Debug|Any CPU
		{94432500-33B6-4797-842F-079797E2E737}.Release|Any CPU.ActiveCfg = Release|Any CPU
		{94432500-33B6-4797-842F-079797E2E737}.Release|Any CPU.Build.0 = Release|Any CPU
		{8E544414-CA24-48AE-92CF-ACBD125BBD16}.Debug|Any CPU.ActiveCfg = Debug|Any CPU
		{8E544414-CA24-48AE-92CF-ACBD125BBD16}.Debug|Any CPU.Build.0 = Debug|Any CPU
		{8E544414-CA24-48AE-92CF-ACBD125BBD16}.Release|Any CPU.ActiveCfg = Release|Any CPU
		{8E544414-CA24-48AE-92CF-ACBD125BBD16}.Release|Any CPU.Build.0 = Release|Any CPU
		{A1E68BDD-B408-4B50-8091-97CB81753E21}.Debug|Any CPU.ActiveCfg = Debug|Any CPU
		{A1E68BDD-B408-4B50-8091-97CB81753E21}.Debug|Any CPU.Build.0 = Debug|Any CPU
		{A1E68BDD-B408-4B50-8091-97CB81753E21}.Release|Any CPU.ActiveCfg = Release|Any CPU
		{A1E68BDD-B408-4B50-8091-97CB81753E21}.Release|Any CPU.Build.0 = Release|Any CPU
		{2EA2BAAD-531A-4157-BEF2-1D61FD420DC7}.Debug|Any CPU.ActiveCfg = Debug|Any CPU
		{2EA2BAAD-531A-4157-BEF2-1D61FD420DC7}.Debug|Any CPU.Build.0 = Debug|Any CPU
		{2EA2BAAD-531A-4157-BEF2-1D61FD420DC7}.Release|Any CPU.ActiveCfg = Release|Any CPU
		{2EA2BAAD-531A-4157-BEF2-1D61FD420DC7}.Release|Any CPU.Build.0 = Release|Any CPU
		{C203D95B-0BF1-4CD7-BA6E-898AC5609BEF}.Debug|Any CPU.ActiveCfg = Debug|Any CPU
		{C203D95B-0BF1-4CD7-BA6E-898AC5609BEF}.Debug|Any CPU.Build.0 = Debug|Any CPU
		{C203D95B-0BF1-4CD7-BA6E-898AC5609BEF}.Release|Any CPU.ActiveCfg = Release|Any CPU
		{C203D95B-0BF1-4CD7-BA6E-898AC5609BEF}.Release|Any CPU.Build.0 = Release|Any CPU
		{93126E0A-C556-4288-8B5B-4C4383961E63}.Debug|Any CPU.ActiveCfg = Debug|Any CPU
		{93126E0A-C556-4288-8B5B-4C4383961E63}.Debug|Any CPU.Build.0 = Debug|Any CPU
		{93126E0A-C556-4288-8B5B-4C4383961E63}.Release|Any CPU.ActiveCfg = Release|Any CPU
		{93126E0A-C556-4288-8B5B-4C4383961E63}.Release|Any CPU.Build.0 = Release|Any CPU
		{8ACCFF85-2AF0-42AE-B1A9-10B0F24151E8}.Debug|Any CPU.ActiveCfg = Debug|Any CPU
		{8ACCFF85-2AF0-42AE-B1A9-10B0F24151E8}.Debug|Any CPU.Build.0 = Debug|Any CPU
		{8ACCFF85-2AF0-42AE-B1A9-10B0F24151E8}.Release|Any CPU.ActiveCfg = Release|Any CPU
		{8ACCFF85-2AF0-42AE-B1A9-10B0F24151E8}.Release|Any CPU.Build.0 = Release|Any CPU
	EndGlobalSection
	GlobalSection(SolutionProperties) = preSolution
		HideSolutionNode = FALSE
	EndGlobalSection
	GlobalSection(NestedProjects) = preSolution
		{677591E1-76E4-481F-B3E5-6071EB4AC7F0} = {927984DF-3785-4AF3-84CF-A42ABD828B97}
		{C4F2D804-05C2-49B1-B21B-7EC59F8FF18F} = {927984DF-3785-4AF3-84CF-A42ABD828B97}
		{73AF0B03-DC84-467B-B7D4-A85E44113C25} = {8B9D0B12-2E45-4010-AA8B-60D0950788C2}
		{7610EB1E-354A-441B-B600-5B9028C77476} = {D1ECEDB0-6873-428A-86AE-82C97D39F668}
		{97279B3C-DE8E-4F2B-9DA6-B844A0C0759F} = {C4F2D804-05C2-49B1-B21B-7EC59F8FF18F}
		{DF0A56EB-6E67-4F7B-BABE-20B04851FB2E} = {677591E1-76E4-481F-B3E5-6071EB4AC7F0}
		{3AF05DCB-F2C2-4FFA-834A-01ED5E9C48F3} = {A5D231B1-EBBF-4D16-8E25-BC6FF78B258A}
		{EC690182-B944-4AB9-8D86-F9261BE75237} = {C4F2D804-05C2-49B1-B21B-7EC59F8FF18F}
		{8982B405-9299-420E-B0E9-50A9CE8FA4EC} = {ECD9B297-653D-41C0-84CF-B59A71FFEFBF}
		{FE5CD5A3-E48D-45D1-B574-7EC712B93665} = {A5D231B1-EBBF-4D16-8E25-BC6FF78B258A}
		{AA37C238-523B-47A4-810B-6642304F6473} = {ECD9B297-653D-41C0-84CF-B59A71FFEFBF}
		{B1CD5664-F20F-4CE9-B98B-09E2DFAA3AF5} = {A5D231B1-EBBF-4D16-8E25-BC6FF78B258A}
		{A1134CA2-6A31-4346-8945-7391CAA11560} = {A5D231B1-EBBF-4D16-8E25-BC6FF78B258A}
		{F5D0B8EB-2752-41C4-ABF7-B683CD1D6974} = {A5D231B1-EBBF-4D16-8E25-BC6FF78B258A}
		{0CD9E243-D6A9-4610-8556-195D4B64ED5A} = {ECD9B297-653D-41C0-84CF-B59A71FFEFBF}
		{58234485-0D4E-40ED-AD97-C713EB5505AB} = {A5D231B1-EBBF-4D16-8E25-BC6FF78B258A}
		{94432500-33B6-4797-842F-079797E2E737} = {3B650E47-2C2A-40D0-BF53-333E1D857541}
		{8E544414-CA24-48AE-92CF-ACBD125BBD16} = {A5D231B1-EBBF-4D16-8E25-BC6FF78B258A}
		{A1E68BDD-B408-4B50-8091-97CB81753E21} = {A5D231B1-EBBF-4D16-8E25-BC6FF78B258A}
		{2EA2BAAD-531A-4157-BEF2-1D61FD420DC7} = {3B650E47-2C2A-40D0-BF53-333E1D857541}
		{C203D95B-0BF1-4CD7-BA6E-898AC5609BEF} = {A5D231B1-EBBF-4D16-8E25-BC6FF78B258A}
		{93126E0A-C556-4288-8B5B-4C4383961E63} = {A5D231B1-EBBF-4D16-8E25-BC6FF78B258A}
		{8ACCFF85-2AF0-42AE-B1A9-10B0F24151E8} = {A5D231B1-EBBF-4D16-8E25-BC6FF78B258A}
	EndGlobalSection
	GlobalSection(ExtensibilityGlobals) = postSolution
		SolutionGuid = {BD855155-69A7-4F77-9853-482B30FC4ED8}
	EndGlobalSection
EndGlobal
